// !$*UTF8*$!
{
	archiveVersion = 1;
	classes = {
	};
	objectVersion = 56;
	objects = {

/* Begin PBXBuildFile section */
		510B44A12B7E06D900EF8B9B /* AppDelegate.swift in Sources */ = {isa = PBXBuildFile; fileRef = 510B44A02B7E06D900EF8B9B /* AppDelegate.swift */; };
		510B44A32B7E06D900EF8B9B /* SceneDelegate.swift in Sources */ = {isa = PBXBuildFile; fileRef = 510B44A22B7E06D900EF8B9B /* SceneDelegate.swift */; };
		510B44AA2B7E06DA00EF8B9B /* Assets.xcassets in Resources */ = {isa = PBXBuildFile; fileRef = 510B44A92B7E06DA00EF8B9B /* Assets.xcassets */; };
		510B44AD2B7E06DA00EF8B9B /* LaunchScreen.storyboard in Resources */ = {isa = PBXBuildFile; fileRef = 510B44AB2B7E06DA00EF8B9B /* LaunchScreen.storyboard */; };
		510B44BD2B7E074B00EF8B9B /* HomeController.swift in Sources */ = {isa = PBXBuildFile; fileRef = 510B44B92B7E074B00EF8B9B /* HomeController.swift */; };
		510B44BE2B7E074B00EF8B9B /* FoodDiaryController.swift in Sources */ = {isa = PBXBuildFile; fileRef = 510B44BA2B7E074B00EF8B9B /* FoodDiaryController.swift */; };
		510B44BF2B7E074B00EF8B9B /* ProfileController.swift in Sources */ = {isa = PBXBuildFile; fileRef = 510B44BB2B7E074B00EF8B9B /* ProfileController.swift */; };
		510B44C02B7E074B00EF8B9B /* TabBarController.swift in Sources */ = {isa = PBXBuildFile; fileRef = 510B44BC2B7E074B00EF8B9B /* TabBarController.swift */; };
/* End PBXBuildFile section */

/* Begin PBXFileReference section */
		510B449D2B7E06D900EF8B9B /* FITKUB.app */ = {isa = PBXFileReference; explicitFileType = wrapper.application; includeInIndex = 0; path = FITKUB.app; sourceTree = BUILT_PRODUCTS_DIR; };
		510B44A02B7E06D900EF8B9B /* AppDelegate.swift */ = {isa = PBXFileReference; lastKnownFileType = sourcecode.swift; path = AppDelegate.swift; sourceTree = "<group>"; };
		510B44A22B7E06D900EF8B9B /* SceneDelegate.swift */ = {isa = PBXFileReference; lastKnownFileType = sourcecode.swift; path = SceneDelegate.swift; sourceTree = "<group>"; };
		510B44A92B7E06DA00EF8B9B /* Assets.xcassets */ = {isa = PBXFileReference; lastKnownFileType = folder.assetcatalog; path = Assets.xcassets; sourceTree = "<group>"; };
		510B44AC2B7E06DA00EF8B9B /* Base */ = {isa = PBXFileReference; lastKnownFileType = file.storyboard; name = Base; path = Base.lproj/LaunchScreen.storyboard; sourceTree = "<group>"; };
		510B44AE2B7E06DA00EF8B9B /* Info.plist */ = {isa = PBXFileReference; lastKnownFileType = text.plist.xml; path = Info.plist; sourceTree = "<group>"; };
		510B44B92B7E074B00EF8B9B /* HomeController.swift */ = {isa = PBXFileReference; fileEncoding = 4; lastKnownFileType = sourcecode.swift; path = HomeController.swift; sourceTree = "<group>"; };
		510B44BA2B7E074B00EF8B9B /* FoodDiaryController.swift */ = {isa = PBXFileReference; fileEncoding = 4; lastKnownFileType = sourcecode.swift; path = FoodDiaryController.swift; sourceTree = "<group>"; };
		510B44BB2B7E074B00EF8B9B /* ProfileController.swift */ = {isa = PBXFileReference; fileEncoding = 4; lastKnownFileType = sourcecode.swift; path = ProfileController.swift; sourceTree = "<group>"; };
		510B44BC2B7E074B00EF8B9B /* TabBarController.swift */ = {isa = PBXFileReference; fileEncoding = 4; lastKnownFileType = sourcecode.swift; path = TabBarController.swift; sourceTree = "<group>"; };
/* End PBXFileReference section */

/* Begin PBXFrameworksBuildPhase section */
		510B449A2B7E06D900EF8B9B /* Frameworks */ = {
			isa = PBXFrameworksBuildPhase;
			buildActionMask = 2147483647;
			files = (
			);
			runOnlyForDeploymentPostprocessing = 0;
		};
/* End PBXFrameworksBuildPhase section */

/* Begin PBXGroup section */
		510B44942B7E06D900EF8B9B = {
			isa = PBXGroup;
			children = (
				510B449F2B7E06D900EF8B9B /* FITKUB */,
				510B449E2B7E06D900EF8B9B /* Products */,
			);
			sourceTree = "<group>";
		};
		510B449E2B7E06D900EF8B9B /* Products */ = {
			isa = PBXGroup;
			children = (
				510B449D2B7E06D900EF8B9B /* FITKUB.app */,
			);
			name = Products;
			sourceTree = "<group>";
		};
		510B449F2B7E06D900EF8B9B /* FITKUB */ = {
			isa = PBXGroup;
			children = (
				510B44B42B7E070200EF8B9B /* Models */,
				510B44B52B7E070900EF8B9B /* Views */,
				510B44B62B7E071000EF8B9B /* ViewModels */,
				510B44B72B7E071B00EF8B9B /* Controllers */,
				510B44B82B7E072400EF8B9B /* Supporting */,
				510B44A92B7E06DA00EF8B9B /* Assets.xcassets */,
				510B44AB2B7E06DA00EF8B9B /* LaunchScreen.storyboard */,
				510B44AE2B7E06DA00EF8B9B /* Info.plist */,
			);
			path = FITKUB;
			sourceTree = "<group>";
		};
		510B44B42B7E070200EF8B9B /* Models */ = {
			isa = PBXGroup;
			children = (
			);
			path = Models;
			sourceTree = "<group>";
		};
		510B44B52B7E070900EF8B9B /* Views */ = {
			isa = PBXGroup;
			children = (
			);
			path = Views;
			sourceTree = "<group>";
		};
		510B44B62B7E071000EF8B9B /* ViewModels */ = {
			isa = PBXGroup;
			children = (
			);
			path = ViewModels;
			sourceTree = "<group>";
		};
		510B44B72B7E071B00EF8B9B /* Controllers */ = {
			isa = PBXGroup;
			children = (
				510B44BA2B7E074B00EF8B9B /* FoodDiaryController.swift */,
				510B44B92B7E074B00EF8B9B /* HomeController.swift */,
				510B44BB2B7E074B00EF8B9B /* ProfileController.swift */,
				510B44BC2B7E074B00EF8B9B /* TabBarController.swift */,
			);
			path = Controllers;
			sourceTree = "<group>";
		};
		510B44B82B7E072400EF8B9B /* Supporting */ = {
			isa = PBXGroup;
			children = (
				510B44A02B7E06D900EF8B9B /* AppDelegate.swift */,
				510B44A22B7E06D900EF8B9B /* SceneDelegate.swift */,
			);
			path = Supporting;
			sourceTree = "<group>";
		};
/* End PBXGroup section */

/* Begin PBXNativeTarget section */
		510B449C2B7E06D900EF8B9B /* FITKUB */ = {
			isa = PBXNativeTarget;
			buildConfigurationList = 510B44B12B7E06DA00EF8B9B /* Build configuration list for PBXNativeTarget "FITKUB" */;
			buildPhases = (
				510B44992B7E06D900EF8B9B /* Sources */,
				510B449A2B7E06D900EF8B9B /* Frameworks */,
				510B449B2B7E06D900EF8B9B /* Resources */,
			);
			buildRules = (
			);
			dependencies = (
			);
			name = FITKUB;
			productName = FITKUB;
			productReference = 510B449D2B7E06D900EF8B9B /* FITKUB.app */;
			productType = "com.apple.product-type.application";
		};
/* End PBXNativeTarget section */

/* Begin PBXProject section */
		510B44952B7E06D900EF8B9B /* Project object */ = {
			isa = PBXProject;
			attributes = {
				BuildIndependentTargetsInParallel = 1;
				LastSwiftUpdateCheck = 1520;
				LastUpgradeCheck = 1520;
				TargetAttributes = {
					510B449C2B7E06D900EF8B9B = {
						CreatedOnToolsVersion = 15.2;
					};
				};
			};
			buildConfigurationList = 510B44982B7E06D900EF8B9B /* Build configuration list for PBXProject "FITKUB" */;
			compatibilityVersion = "Xcode 14.0";
			developmentRegion = en;
			hasScannedForEncodings = 0;
			knownRegions = (
				en,
				Base,
			);
			mainGroup = 510B44942B7E06D900EF8B9B;
			productRefGroup = 510B449E2B7E06D900EF8B9B /* Products */;
			projectDirPath = "";
			projectRoot = "";
			targets = (
				510B449C2B7E06D900EF8B9B /* FITKUB */,
			);
		};
/* End PBXProject section */

/* Begin PBXResourcesBuildPhase section */
		510B449B2B7E06D900EF8B9B /* Resources */ = {
			isa = PBXResourcesBuildPhase;
			buildActionMask = 2147483647;
			files = (
				510B44AD2B7E06DA00EF8B9B /* LaunchScreen.storyboard in Resources */,
				510B44AA2B7E06DA00EF8B9B /* Assets.xcassets in Resources */,
			);
			runOnlyForDeploymentPostprocessing = 0;
		};
/* End PBXResourcesBuildPhase section */

/* Begin PBXSourcesBuildPhase section */
		510B44992B7E06D900EF8B9B /* Sources */ = {
			isa = PBXSourcesBuildPhase;
			buildActionMask = 2147483647;
			files = (
				510B44BF2B7E074B00EF8B9B /* ProfileController.swift in Sources */,
				510B44A12B7E06D900EF8B9B /* AppDelegate.swift in Sources */,
				510B44BE2B7E074B00EF8B9B /* FoodDiaryController.swift in Sources */,
				510B44C02B7E074B00EF8B9B /* TabBarController.swift in Sources */,
				510B44A32B7E06D900EF8B9B /* SceneDelegate.swift in Sources */,
				510B44BD2B7E074B00EF8B9B /* HomeController.swift in Sources */,
			);
			runOnlyForDeploymentPostprocessing = 0;
		};
/* End PBXSourcesBuildPhase section */

/* Begin PBXVariantGroup section */
		510B44AB2B7E06DA00EF8B9B /* LaunchScreen.storyboard */ = {
			isa = PBXVariantGroup;
			children = (
				510B44AC2B7E06DA00EF8B9B /* Base */,
			);
			name = LaunchScreen.storyboard;
			sourceTree = "<group>";
		};
/* End PBXVariantGroup section */

/* Begin XCBuildConfiguration section */
		510B44AF2B7E06DA00EF8B9B /* Debug */ = {
			isa = XCBuildConfiguration;
			buildSettings = {
				ALWAYS_SEARCH_USER_PATHS = NO;
				ASSETCATALOG_COMPILER_GENERATE_SWIFT_ASSET_SYMBOL_EXTENSIONS = YES;
				CLANG_ANALYZER_NONNULL = YES;
				CLANG_ANALYZER_NUMBER_OBJECT_CONVERSION = YES_AGGRESSIVE;
				CLANG_CXX_LANGUAGE_STANDARD = "gnu++20";
				CLANG_ENABLE_MODULES = YES;
				CLANG_ENABLE_OBJC_ARC = YES;
				CLANG_ENABLE_OBJC_WEAK = YES;
				CLANG_WARN_BLOCK_CAPTURE_AUTORELEASING = YES;
				CLANG_WARN_BOOL_CONVERSION = YES;
				CLANG_WARN_COMMA = YES;
				CLANG_WARN_CONSTANT_CONVERSION = YES;
				CLANG_WARN_DEPRECATED_OBJC_IMPLEMENTATIONS = YES;
				CLANG_WARN_DIRECT_OBJC_ISA_USAGE = YES_ERROR;
				CLANG_WARN_DOCUMENTATION_COMMENTS = YES;
				CLANG_WARN_EMPTY_BODY = YES;
				CLANG_WARN_ENUM_CONVERSION = YES;
				CLANG_WARN_INFINITE_RECURSION = YES;
				CLANG_WARN_INT_CONVERSION = YES;
				CLANG_WARN_NON_LITERAL_NULL_CONVERSION = YES;
				CLANG_WARN_OBJC_IMPLICIT_RETAIN_SELF = YES;
				CLANG_WARN_OBJC_LITERAL_CONVERSION = YES;
				CLANG_WARN_OBJC_ROOT_CLASS = YES_ERROR;
				CLANG_WARN_QUOTED_INCLUDE_IN_FRAMEWORK_HEADER = YES;
				CLANG_WARN_RANGE_LOOP_ANALYSIS = YES;
				CLANG_WARN_STRICT_PROTOTYPES = YES;
				CLANG_WARN_SUSPICIOUS_MOVE = YES;
				CLANG_WARN_UNGUARDED_AVAILABILITY = YES_AGGRESSIVE;
				CLANG_WARN_UNREACHABLE_CODE = YES;
				CLANG_WARN__DUPLICATE_METHOD_MATCH = YES;
				COPY_PHASE_STRIP = NO;
				DEBUG_INFORMATION_FORMAT = dwarf;
				ENABLE_STRICT_OBJC_MSGSEND = YES;
				ENABLE_TESTABILITY = YES;
				ENABLE_USER_SCRIPT_SANDBOXING = YES;
				GCC_C_LANGUAGE_STANDARD = gnu17;
				GCC_DYNAMIC_NO_PIC = NO;
				GCC_NO_COMMON_BLOCKS = YES;
				GCC_OPTIMIZATION_LEVEL = 0;
				GCC_PREPROCESSOR_DEFINITIONS = (
					"DEBUG=1",
					"$(inherited)",
				);
				GCC_WARN_64_TO_32_BIT_CONVERSION = YES;
				GCC_WARN_ABOUT_RETURN_TYPE = YES_ERROR;
				GCC_WARN_UNDECLARED_SELECTOR = YES;
				GCC_WARN_UNINITIALIZED_AUTOS = YES_AGGRESSIVE;
				GCC_WARN_UNUSED_FUNCTION = YES;
				GCC_WARN_UNUSED_VARIABLE = YES;
				IPHONEOS_DEPLOYMENT_TARGET = 17.2;
				LOCALIZATION_PREFERS_STRING_CATALOGS = YES;
				MTL_ENABLE_DEBUG_INFO = INCLUDE_SOURCE;
				MTL_FAST_MATH = YES;
				ONLY_ACTIVE_ARCH = YES;
				SDKROOT = iphoneos;
				SWIFT_ACTIVE_COMPILATION_CONDITIONS = "DEBUG $(inherited)";
				SWIFT_OPTIMIZATION_LEVEL = "-Onone";
			};
			name = Debug;
		};
		510B44B02B7E06DA00EF8B9B /* Release */ = {
			isa = XCBuildConfiguration;
			buildSettings = {
				ALWAYS_SEARCH_USER_PATHS = NO;
				ASSETCATALOG_COMPILER_GENERATE_SWIFT_ASSET_SYMBOL_EXTENSIONS = YES;
				CLANG_ANALYZER_NONNULL = YES;
				CLANG_ANALYZER_NUMBER_OBJECT_CONVERSION = YES_AGGRESSIVE;
				CLANG_CXX_LANGUAGE_STANDARD = "gnu++20";
				CLANG_ENABLE_MODULES = YES;
				CLANG_ENABLE_OBJC_ARC = YES;
				CLANG_ENABLE_OBJC_WEAK = YES;
				CLANG_WARN_BLOCK_CAPTURE_AUTORELEASING = YES;
				CLANG_WARN_BOOL_CONVERSION = YES;
				CLANG_WARN_COMMA = YES;
				CLANG_WARN_CONSTANT_CONVERSION = YES;
				CLANG_WARN_DEPRECATED_OBJC_IMPLEMENTATIONS = YES;
				CLANG_WARN_DIRECT_OBJC_ISA_USAGE = YES_ERROR;
				CLANG_WARN_DOCUMENTATION_COMMENTS = YES;
				CLANG_WARN_EMPTY_BODY = YES;
				CLANG_WARN_ENUM_CONVERSION = YES;
				CLANG_WARN_INFINITE_RECURSION = YES;
				CLANG_WARN_INT_CONVERSION = YES;
				CLANG_WARN_NON_LITERAL_NULL_CONVERSION = YES;
				CLANG_WARN_OBJC_IMPLICIT_RETAIN_SELF = YES;
				CLANG_WARN_OBJC_LITERAL_CONVERSION = YES;
				CLANG_WARN_OBJC_ROOT_CLASS = YES_ERROR;
				CLANG_WARN_QUOTED_INCLUDE_IN_FRAMEWORK_HEADER = YES;
				CLANG_WARN_RANGE_LOOP_ANALYSIS = YES;
				CLANG_WARN_STRICT_PROTOTYPES = YES;
				CLANG_WARN_SUSPICIOUS_MOVE = YES;
				CLANG_WARN_UNGUARDED_AVAILABILITY = YES_AGGRESSIVE;
				CLANG_WARN_UNREACHABLE_CODE = YES;
				CLANG_WARN__DUPLICATE_METHOD_MATCH = YES;
				COPY_PHASE_STRIP = NO;
				DEBUG_INFORMATION_FORMAT = "dwarf-with-dsym";
				ENABLE_NS_ASSERTIONS = NO;
				ENABLE_STRICT_OBJC_MSGSEND = YES;
				ENABLE_USER_SCRIPT_SANDBOXING = YES;
				GCC_C_LANGUAGE_STANDARD = gnu17;
				GCC_NO_COMMON_BLOCKS = YES;
				GCC_WARN_64_TO_32_BIT_CONVERSION = YES;
				GCC_WARN_ABOUT_RETURN_TYPE = YES_ERROR;
				GCC_WARN_UNDECLARED_SELECTOR = YES;
				GCC_WARN_UNINITIALIZED_AUTOS = YES_AGGRESSIVE;
				GCC_WARN_UNUSED_FUNCTION = YES;
				GCC_WARN_UNUSED_VARIABLE = YES;
				IPHONEOS_DEPLOYMENT_TARGET = 17.2;
				LOCALIZATION_PREFERS_STRING_CATALOGS = YES;
				MTL_ENABLE_DEBUG_INFO = NO;
				MTL_FAST_MATH = YES;
				SDKROOT = iphoneos;
				SWIFT_COMPILATION_MODE = wholemodule;
				VALIDATE_PRODUCT = YES;
			};
			name = Release;
		};
		510B44B22B7E06DA00EF8B9B /* Debug */ = {
			isa = XCBuildConfiguration;
			buildSettings = {
				ASSETCATALOG_COMPILER_APPICON_NAME = AppIcon;
				ASSETCATALOG_COMPILER_GLOBAL_ACCENT_COLOR_NAME = AccentColor;
				CODE_SIGN_STYLE = Automatic;
				CURRENT_PROJECT_VERSION = 1;
				DEVELOPMENT_TEAM = R65DGBTB2J;
				GENERATE_INFOPLIST_FILE = YES;
				INFOPLIST_FILE = FITKUB/Info.plist;
				INFOPLIST_KEY_UIApplicationSupportsIndirectInputEvents = YES;
				INFOPLIST_KEY_UILaunchStoryboardName = LaunchScreen;
				INFOPLIST_KEY_UISupportedInterfaceOrientations_iPad = "UIInterfaceOrientationPortrait UIInterfaceOrientationPortraitUpsideDown UIInterfaceOrientationLandscapeLeft UIInterfaceOrientationLandscapeRight";
				INFOPLIST_KEY_UISupportedInterfaceOrientations_iPhone = "UIInterfaceOrientationPortrait UIInterfaceOrientationLandscapeLeft UIInterfaceOrientationLandscapeRight";
				LD_RUNPATH_SEARCH_PATHS = (
					"$(inherited)",
					"@executable_path/Frameworks",
				);
				MARKETING_VERSION = 1.0;
				PRODUCT_BUNDLE_IDENTIFIER = th.ac.bu.FITKUB;
				PRODUCT_NAME = "$(TARGET_NAME)";
				SWIFT_EMIT_LOC_STRINGS = YES;
				SWIFT_VERSION = 5.0;
				TARGETED_DEVICE_FAMILY = "1,2";
			};
			name = Debug;
		};
		510B44B32B7E06DA00EF8B9B /* Release */ = {
			isa = XCBuildConfiguration;
			buildSettings = {
				ASSETCATALOG_COMPILER_APPICON_NAME = AppIcon;
				ASSETCATALOG_COMPILER_GLOBAL_ACCENT_COLOR_NAME = AccentColor;
				CODE_SIGN_STYLE = Automatic;
				CURRENT_PROJECT_VERSION = 1;
				DEVELOPMENT_TEAM = R65DGBTB2J;
				GENERATE_INFOPLIST_FILE = YES;
				INFOPLIST_FILE = FITKUB/Info.plist;
				INFOPLIST_KEY_UIApplicationSupportsIndirectInputEvents = YES;
				INFOPLIST_KEY_UILaunchStoryboardName = LaunchScreen;
				INFOPLIST_KEY_UISupportedInterfaceOrientations_iPad = "UIInterfaceOrientationPortrait UIInterfaceOrientationPortraitUpsideDown UIInterfaceOrientationLandscapeLeft UIInterfaceOrientationLandscapeRight";
				INFOPLIST_KEY_UISupportedInterfaceOrientations_iPhone = "UIInterfaceOrientationPortrait UIInterfaceOrientationLandscapeLeft UIInterfaceOrientationLandscapeRight";
				LD_RUNPATH_SEARCH_PATHS = (
					"$(inherited)",
					"@executable_path/Frameworks",
				);
				MARKETING_VERSION = 1.0;
				PRODUCT_BUNDLE_IDENTIFIER = th.ac.bu.FITKUB;
				PRODUCT_NAME = "$(TARGET_NAME)";
				SWIFT_EMIT_LOC_STRINGS = YES;
				SWIFT_VERSION = 5.0;
				TARGETED_DEVICE_FAMILY = "1,2";
			};
			name = Release;
		};
/* End XCBuildConfiguration section */

/* Begin XCConfigurationList section */
		510B44982B7E06D900EF8B9B /* Build configuration list for PBXProject "FITKUB" */ = {
			isa = XCConfigurationList;
			buildConfigurations = (
				510B44AF2B7E06DA00EF8B9B /* Debug */,
				510B44B02B7E06DA00EF8B9B /* Release */,
			);
			defaultConfigurationIsVisible = 0;
			defaultConfigurationName = Release;
		};
		510B44B12B7E06DA00EF8B9B /* Build configuration list for PBXNativeTarget "FITKUB" */ = {
			isa = XCConfigurationList;
			buildConfigurations = (
				510B44B22B7E06DA00EF8B9B /* Debug */,
				510B44B32B7E06DA00EF8B9B /* Release */,
			);
			defaultConfigurationIsVisible = 0;
			defaultConfigurationName = Release;
		};
/* End XCConfigurationList section */
	};
	rootObject = 510B44952B7E06D900EF8B9B /* Project object */;
}
